
Microsoft Visual Studio Solution File, Format Version 12.00
# Visual Studio Version 16
VisualStudioVersion = 16.0.31410.357
MinimumVisualStudioVersion = 10.0.40219.1
Project("{FAE04EC0-301F-11D3-BF4B-00C04F79EFBC}") = "UriSolutions", "UriSolutions\UriSolutions.csproj", "{9D47030F-EC39-4BFE-9F06-6BA759EC316E}"
EndProject
Project("{FAE04EC0-301F-11D3-BF4B-00C04F79EFBC}") = "UriSolutionsTests", "UriSolutionsTests\UriSolutionsTests.csproj", "{9C0EE2C3-7DBA-4669-88E0-BA5A6312FA78}"
EndProject
Global
	GlobalSection(SolutionConfigurationPlatforms) = preSolution
		Debug|Any CPU = Debug|Any CPU
		Release|Any CPU = Release|Any CPU
	EndGlobalSection
	GlobalSection(ProjectConfigurationPlatforms) = postSolution
		{9D47030F-EC39-4BFE-9F06-6BA759EC316E}.Debug|Any CPU.ActiveCfg = Debug|Any CPU
		{9D47030F-EC39-4BFE-9F06-6BA759EC316E}.Debug|Any CPU.Build.0 = Debug|Any CPU
		{9D47030F-EC39-4BFE-9F06-6BA759EC316E}.Release|Any CPU.ActiveCfg = Release|Any CPU
		{9D47030F-EC39-4BFE-9F06-6BA759EC316E}.Release|Any CPU.Build.0 = Release|Any CPU
		{9C0EE2C3-7DBA-4669-88E0-BA5A6312FA78}.Debug|Any CPU.ActiveCfg = Debug|Any CPU
		{9C0EE2C3-7DBA-4669-88E0-BA5A6312FA78}.Debug|Any CPU.Build.0 = Debug|Any CPU
		{9C0EE2C3-7DBA-4669-88E0-BA5A6312FA78}.Release|Any CPU.ActiveCfg = Release|Any CPU
		{9C0EE2C3-7DBA-4669-88E0-BA5A6312FA78}.Release|Any CPU.Build.0 = Release|Any CPU
	EndGlobalSection
	GlobalSection(SolutionProperties) = preSolution
		HideSolutionNode = FALSE
	EndGlobalSection
	GlobalSection(ExtensibilityGlobals) = postSolution
		SolutionGuid = {AD5BE6BD-066B-469D-BBF0-B12D4882DF05}
	EndGlobalSection
EndGlobal
